{
  "name": "@tsconfig/strict-angular",
  "version": "11.0.0",
  "lockfileVersion": 1,
  "requires": true,
  "dependencies": {
    "tsconfig": {
      "version": "git+https://github.com/smartrecruiters/tsconfig.git#4cedb1096f60266f173c35c6b0db1879e5a8de7d",
      "from": "git+https://github.com/smartrecruiters/tsconfig.git",
      "dev": true
    }
  }
}
